
Microsoft Visual Studio Solution File, Format Version 12.00
# Visual Studio 15
VisualStudioVersion = 15.0.27703.2035
MinimumVisualStudioVersion = 10.0.40219.1
Project("{F2A71F9B-5D33-465A-A702-920D77279786}") = "FelloWorld", "FelloWorld\FelloWorld.fsproj", "{7F634453-478D-4F72-83DA-D5C55993C2B0}"
EndProject
Global
	GlobalSection(SolutionConfigurationPlatforms) = preSolution
		Debug|Any CPU = Debug|Any CPU
		Release|Any CPU = Release|Any CPU
	EndGlobalSection
	GlobalSection(ProjectConfigurationPlatforms) = postSolution
		{7F634453-478D-4F72-83DA-D5C55993C2B0}.Debug|Any CPU.ActiveCfg = Debug|Any CPU
		{7F634453-478D-4F72-83DA-D5C55993C2B0}.Debug|Any CPU.Build.0 = Debug|Any CPU
		{7F634453-478D-4F72-83DA-D5C55993C2B0}.Release|Any CPU.ActiveCfg = Release|Any CPU
		{7F634453-478D-4F72-83DA-D5C55993C2B0}.Release|Any CPU.Build.0 = Release|Any CPU
	EndGlobalSection
	GlobalSection(SolutionProperties) = preSolution
		HideSolutionNode = FALSE
	EndGlobalSection
	GlobalSection(ExtensibilityGlobals) = postSolution
		SolutionGuid = {6039BCD3-41A3-48BF-BB72-B42A2E4F3141}
	EndGlobalSection
EndGlobal
